{
  "object": {
    "pins": [
      {
        "package": "Archivable",
        "repositoryURL": "https://github.com/archivable/package.git",
        "state": {
          "branch": "main",
          "revision": "f76c93561c693626c18fcbe141e69a981fc9598e",
          "version": null
        }
      }
    ]
  },
  "version": 1
}
