{
  "object": {
    "pins": [
      {
        "package": "Archivable",
        "repositoryURL": "https://github.com/archivable/package.git",
        "state": {
          "branch": "main",
          "revision": "2afd142a5b2326afb2ce449cb3e236ae83fb321d",
          "version": null
        }
      }
    ]
  },
  "version": 1
}
