{
  "object": {
    "pins": [
      {
        "package": "Archivable",
        "repositoryURL": "https://github.com/archivable/package.git",
        "state": {
          "branch": "main",
          "revision": "fb98a594d8e86ad49bd95e0146e2bebdd7d24934",
          "version": null
        }
      }
    ]
  },
  "version": 1
}
